
Microsoft Visual Studio Solution File, Format Version 12.00
# Visual Studio Version 16
VisualStudioVersion = 16.0.29306.81
MinimumVisualStudioVersion = 10.0.40219.1
Project("{FAE04EC0-301F-11D3-BF4B-00C04F79EFBC}") = "Stroika", "Stroika.csproj", "{28A963DC-EDD7-493F-A532-2DC280B7857B}"
EndProject
Project("{FAE04EC0-301F-11D3-BF4B-00C04F79EFBC}") = "DB", "..\DB\DB.csproj", "{82F0B972-5B35-434E-B569-D1C7C0E4A890}"
EndProject
Global
	GlobalSection(SolutionConfigurationPlatforms) = preSolution
		Debug|Any CPU = Debug|Any CPU
		Release|Any CPU = Release|Any CPU
	EndGlobalSection
	GlobalSection(ProjectConfigurationPlatforms) = postSolution
		{28A963DC-EDD7-493F-A532-2DC280B7857B}.Debug|Any CPU.ActiveCfg = Debug|Any CPU
		{28A963DC-EDD7-493F-A532-2DC280B7857B}.Debug|Any CPU.Build.0 = Debug|Any CPU
		{28A963DC-EDD7-493F-A532-2DC280B7857B}.Release|Any CPU.ActiveCfg = Release|Any CPU
		{28A963DC-EDD7-493F-A532-2DC280B7857B}.Release|Any CPU.Build.0 = Release|Any CPU
		{82F0B972-5B35-434E-B569-D1C7C0E4A890}.Debug|Any CPU.ActiveCfg = Debug|Any CPU
		{82F0B972-5B35-434E-B569-D1C7C0E4A890}.Debug|Any CPU.Build.0 = Debug|Any CPU
		{82F0B972-5B35-434E-B569-D1C7C0E4A890}.Release|Any CPU.ActiveCfg = Release|Any CPU
		{82F0B972-5B35-434E-B569-D1C7C0E4A890}.Release|Any CPU.Build.0 = Release|Any CPU
	EndGlobalSection
	GlobalSection(SolutionProperties) = preSolution
		HideSolutionNode = FALSE
	EndGlobalSection
	GlobalSection(ExtensibilityGlobals) = postSolution
		SolutionGuid = {16060F42-2493-4EF5-93E8-F0068B5530C8}
	EndGlobalSection
EndGlobal
